// !$*UTF8*$!
{
	archiveVersion = 1;
	classes = {
	};
	objectVersion = 56;
	objects = {

/* Begin PBXBuildFile section */
		7025147D29FC24300055B46C /* MurrayDemoApp.swift in Sources */ = {isa = PBXBuildFile; fileRef = 7025147C29FC24300055B46C /* MurrayDemoApp.swift */; };
		7025147F29FC24300055B46C /* MainTab.swift in Sources */ = {isa = PBXBuildFile; fileRef = 7025147E29FC24300055B46C /* MainTab.swift */; };
		7025148129FC24310055B46C /* Assets.xcassets in Resources */ = {isa = PBXBuildFile; fileRef = 7025148029FC24310055B46C /* Assets.xcassets */; };
		7025148429FC24310055B46C /* Preview Assets.xcassets in Resources */ = {isa = PBXBuildFile; fileRef = 7025148329FC24310055B46C /* Preview Assets.xcassets */; };
		7025149129FC32F50055B46C /* MainTabViewModel.swift in Sources */ = {isa = PBXBuildFile; fileRef = 7025149029FC32F50055B46C /* MainTabViewModel.swift */; };
		7025149929FC332F0055B46C /* MurrayDemoTests.swift in Sources */ = {isa = PBXBuildFile; fileRef = 7025149829FC332F0055B46C /* MurrayDemoTests.swift */; };
/* End PBXBuildFile section */

/* Begin PBXContainerItemProxy section */
		7025149A29FC332F0055B46C /* PBXContainerItemProxy */ = {
			isa = PBXContainerItemProxy;
			containerPortal = 7025147129FC24300055B46C /* Project object */;
			proxyType = 1;
			remoteGlobalIDString = 7025147829FC24300055B46C;
			remoteInfo = MurrayDemo;
		};
/* End PBXContainerItemProxy section */

/* Begin PBXFileReference section */
		7025147929FC24300055B46C /* MurrayDemo.app */ = {isa = PBXFileReference; explicitFileType = wrapper.application; includeInIndex = 0; path = MurrayDemo.app; sourceTree = BUILT_PRODUCTS_DIR; };
		7025147C29FC24300055B46C /* MurrayDemoApp.swift */ = {isa = PBXFileReference; lastKnownFileType = sourcecode.swift; path = MurrayDemoApp.swift; sourceTree = "<group>"; };
		7025147E29FC24300055B46C /* MainTab.swift */ = {isa = PBXFileReference; lastKnownFileType = sourcecode.swift; path = MainTab.swift; sourceTree = "<group>"; };
		7025148029FC24310055B46C /* Assets.xcassets */ = {isa = PBXFileReference; lastKnownFileType = folder.assetcatalog; path = Assets.xcassets; sourceTree = "<group>"; };
		7025148329FC24310055B46C /* Preview Assets.xcassets */ = {isa = PBXFileReference; lastKnownFileType = folder.assetcatalog; path = "Preview Assets.xcassets"; sourceTree = "<group>"; };
		7025149029FC32F50055B46C /* MainTabViewModel.swift */ = {isa = PBXFileReference; lastKnownFileType = sourcecode.swift; path = MainTabViewModel.swift; sourceTree = "<group>"; };
		7025149629FC332F0055B46C /* MurrayDemoTests.xctest */ = {isa = PBXFileReference; explicitFileType = wrapper.cfbundle; includeInIndex = 0; path = MurrayDemoTests.xctest; sourceTree = BUILT_PRODUCTS_DIR; };
		7025149829FC332F0055B46C /* MurrayDemoTests.swift */ = {isa = PBXFileReference; lastKnownFileType = sourcecode.swift; path = MurrayDemoTests.swift; sourceTree = "<group>"; };
/* End PBXFileReference section */

/* Begin PBXFrameworksBuildPhase section */
		7025147629FC24300055B46C /* Frameworks */ = {
			isa = PBXFrameworksBuildPhase;
			buildActionMask = 2147483647;
			files = (
			);
			runOnlyForDeploymentPostprocessing = 0;
		};
		7025149329FC332F0055B46C /* Frameworks */ = {
			isa = PBXFrameworksBuildPhase;
			buildActionMask = 2147483647;
			files = (
			);
			runOnlyForDeploymentPostprocessing = 0;
		};
/* End PBXFrameworksBuildPhase section */

/* Begin PBXGroup section */
		7025147029FC24300055B46C = {
			isa = PBXGroup;
			children = (
				7025147B29FC24300055B46C /* MurrayDemo */,
				7025149729FC332F0055B46C /* MurrayDemoTests */,
				7025147A29FC24300055B46C /* Products */,
			);
			sourceTree = "<group>";
		};
		7025147A29FC24300055B46C /* Products */ = {
			isa = PBXGroup;
			children = (
				7025147929FC24300055B46C /* MurrayDemo.app */,
				7025149629FC332F0055B46C /* MurrayDemoTests.xctest */,
			);
			name = Products;
			sourceTree = "<group>";
		};
		7025147B29FC24300055B46C /* MurrayDemo */ = {
			isa = PBXGroup;
			children = (
				7025148A29FC28770055B46C /* Scenes */,
				7025147C29FC24300055B46C /* MurrayDemoApp.swift */,
				7025147E29FC24300055B46C /* MainTab.swift */,
				7025149029FC32F50055B46C /* MainTabViewModel.swift */,
				7025148029FC24310055B46C /* Assets.xcassets */,
				7025148229FC24310055B46C /* Preview Content */,
			);
			path = MurrayDemo;
			sourceTree = "<group>";
		};
		7025148229FC24310055B46C /* Preview Content */ = {
			isa = PBXGroup;
			children = (
				7025148329FC24310055B46C /* Preview Assets.xcassets */,
			);
			path = "Preview Content";
			sourceTree = "<group>";
		};
		7025148A29FC28770055B46C /* Scenes */ = {
			isa = PBXGroup;
			children = (
			);
			path = Scenes;
			sourceTree = "<group>";
		};
		7025149729FC332F0055B46C /* MurrayDemoTests */ = {
			isa = PBXGroup;
			children = (
				7025149829FC332F0055B46C /* MurrayDemoTests.swift */,
			);
			path = MurrayDemoTests;
			sourceTree = "<group>";
		};
/* End PBXGroup section */

/* Begin PBXNativeTarget section */
		7025147829FC24300055B46C /* MurrayDemo */ = {
			isa = PBXNativeTarget;
			buildConfigurationList = 7025148729FC24310055B46C /* Build configuration list for PBXNativeTarget "MurrayDemo" */;
			buildPhases = (
				7025147529FC24300055B46C /* Sources */,
				7025147629FC24300055B46C /* Frameworks */,
				7025147729FC24300055B46C /* Resources */,
			);
			buildRules = (
			);
			dependencies = (
			);
			name = MurrayDemo;
			productName = MurrayDemo;
			productReference = 7025147929FC24300055B46C /* MurrayDemo.app */;
			productType = "com.apple.product-type.application";
		};
		7025149529FC332F0055B46C /* MurrayDemoTests */ = {
			isa = PBXNativeTarget;
			buildConfigurationList = 7025149C29FC332F0055B46C /* Build configuration list for PBXNativeTarget "MurrayDemoTests" */;
			buildPhases = (
				7025149229FC332F0055B46C /* Sources */,
				7025149329FC332F0055B46C /* Frameworks */,
				7025149429FC332F0055B46C /* Resources */,
			);
			buildRules = (
			);
			dependencies = (
				7025149B29FC332F0055B46C /* PBXTargetDependency */,
			);
			name = MurrayDemoTests;
			productName = MurrayDemoTests;
			productReference = 7025149629FC332F0055B46C /* MurrayDemoTests.xctest */;
			productType = "com.apple.product-type.bundle.unit-test";
		};
/* End PBXNativeTarget section */

/* Begin PBXProject section */
		7025147129FC24300055B46C /* Project object */ = {
			isa = PBXProject;
			attributes = {
				BuildIndependentTargetsInParallel = 1;
				LastSwiftUpdateCheck = 1430;
				LastUpgradeCheck = 1430;
				TargetAttributes = {
					7025147829FC24300055B46C = {
						CreatedOnToolsVersion = 14.3;
					};
					7025149529FC332F0055B46C = {
						CreatedOnToolsVersion = 14.3;
						TestTargetID = 7025147829FC24300055B46C;
					};
				};
			};
			buildConfigurationList = 7025147429FC24300055B46C /* Build configuration list for PBXProject "MurrayDemo" */;
			compatibilityVersion = "Xcode 14.0";
			developmentRegion = en;
			hasScannedForEncodings = 0;
			knownRegions = (
				en,
				Base,
			);
			mainGroup = 7025147029FC24300055B46C;
			productRefGroup = 7025147A29FC24300055B46C /* Products */;
			projectDirPath = "";
			projectRoot = "";
			targets = (
				7025147829FC24300055B46C /* MurrayDemo */,
				7025149529FC332F0055B46C /* MurrayDemoTests */,
			);
		};
/* End PBXProject section */

/* Begin PBXResourcesBuildPhase section */
		7025147729FC24300055B46C /* Resources */ = {
			isa = PBXResourcesBuildPhase;
			buildActionMask = 2147483647;
			files = (
				7025148429FC24310055B46C /* Preview Assets.xcassets in Resources */,
				7025148129FC24310055B46C /* Assets.xcassets in Resources */,
			);
			runOnlyForDeploymentPostprocessing = 0;
		};
		7025149429FC332F0055B46C /* Resources */ = {
			isa = PBXResourcesBuildPhase;
			buildActionMask = 2147483647;
			files = (
			);
			runOnlyForDeploymentPostprocessing = 0;
		};
/* End PBXResourcesBuildPhase section */

/* Begin PBXSourcesBuildPhase section */
		7025147529FC24300055B46C /* Sources */ = {
			isa = PBXSourcesBuildPhase;
			buildActionMask = 2147483647;
			files = (
				7025147F29FC24300055B46C /* MainTab.swift in Sources */,
				7025147D29FC24300055B46C /* MurrayDemoApp.swift in Sources */,
				7025149129FC32F50055B46C /* MainTabViewModel.swift in Sources */,
			);
			runOnlyForDeploymentPostprocessing = 0;
		};
		7025149229FC332F0055B46C /* Sources */ = {
			isa = PBXSourcesBuildPhase;
			buildActionMask = 2147483647;
			files = (
				7025149929FC332F0055B46C /* MurrayDemoTests.swift in Sources */,
			);
			runOnlyForDeploymentPostprocessing = 0;
		};
/* End PBXSourcesBuildPhase section */

/* Begin PBXTargetDependency section */
		7025149B29FC332F0055B46C /* PBXTargetDependency */ = {
			isa = PBXTargetDependency;
			target = 7025147829FC24300055B46C /* MurrayDemo */;
			targetProxy = 7025149A29FC332F0055B46C /* PBXContainerItemProxy */;
		};
/* End PBXTargetDependency section */

/* Begin XCBuildConfiguration section */
		7025148529FC24310055B46C /* Debug */ = {
			isa = XCBuildConfiguration;
			buildSettings = {
				ALWAYS_SEARCH_USER_PATHS = NO;
				CLANG_ANALYZER_NONNULL = YES;
				CLANG_ANALYZER_NUMBER_OBJECT_CONVERSION = YES_AGGRESSIVE;
				CLANG_CXX_LANGUAGE_STANDARD = "gnu++20";
				CLANG_ENABLE_MODULES = YES;
				CLANG_ENABLE_OBJC_ARC = YES;
				CLANG_ENABLE_OBJC_WEAK = YES;
				CLANG_WARN_BLOCK_CAPTURE_AUTORELEASING = YES;
				CLANG_WARN_BOOL_CONVERSION = YES;
				CLANG_WARN_COMMA = YES;
				CLANG_WARN_CONSTANT_CONVERSION = YES;
				CLANG_WARN_DEPRECATED_OBJC_IMPLEMENTATIONS = YES;
				CLANG_WARN_DIRECT_OBJC_ISA_USAGE = YES_ERROR;
				CLANG_WARN_DOCUMENTATION_COMMENTS = YES;
				CLANG_WARN_EMPTY_BODY = YES;
				CLANG_WARN_ENUM_CONVERSION = YES;
				CLANG_WARN_INFINITE_RECURSION = YES;
				CLANG_WARN_INT_CONVERSION = YES;
				CLANG_WARN_NON_LITERAL_NULL_CONVERSION = YES;
				CLANG_WARN_OBJC_IMPLICIT_RETAIN_SELF = YES;
				CLANG_WARN_OBJC_LITERAL_CONVERSION = YES;
				CLANG_WARN_OBJC_ROOT_CLASS = YES_ERROR;
				CLANG_WARN_QUOTED_INCLUDE_IN_FRAMEWORK_HEADER = YES;
				CLANG_WARN_RANGE_LOOP_ANALYSIS = YES;
				CLANG_WARN_STRICT_PROTOTYPES = YES;
				CLANG_WARN_SUSPICIOUS_MOVE = YES;
				CLANG_WARN_UNGUARDED_AVAILABILITY = YES_AGGRESSIVE;
				CLANG_WARN_UNREACHABLE_CODE = YES;
				CLANG_WARN__DUPLICATE_METHOD_MATCH = YES;
				COPY_PHASE_STRIP = NO;
				DEBUG_INFORMATION_FORMAT = dwarf;
				ENABLE_STRICT_OBJC_MSGSEND = YES;
				ENABLE_TESTABILITY = YES;
				GCC_C_LANGUAGE_STANDARD = gnu11;
				GCC_DYNAMIC_NO_PIC = NO;
				GCC_NO_COMMON_BLOCKS = YES;
				GCC_OPTIMIZATION_LEVEL = 0;
				GCC_PREPROCESSOR_DEFINITIONS = (
					"DEBUG=1",
					"$(inherited)",
				);
				GCC_WARN_64_TO_32_BIT_CONVERSION = YES;
				GCC_WARN_ABOUT_RETURN_TYPE = YES_ERROR;
				GCC_WARN_UNDECLARED_SELECTOR = YES;
				GCC_WARN_UNINITIALIZED_AUTOS = YES_AGGRESSIVE;
				GCC_WARN_UNUSED_FUNCTION = YES;
				GCC_WARN_UNUSED_VARIABLE = YES;
				IPHONEOS_DEPLOYMENT_TARGET = 16.4;
				MTL_ENABLE_DEBUG_INFO = INCLUDE_SOURCE;
				MTL_FAST_MATH = YES;
				ONLY_ACTIVE_ARCH = YES;
				SDKROOT = iphoneos;
				SWIFT_ACTIVE_COMPILATION_CONDITIONS = DEBUG;
				SWIFT_OPTIMIZATION_LEVEL = "-Onone";
			};
			name = Debug;
		};
		7025148629FC24310055B46C /* Release */ = {
			isa = XCBuildConfiguration;
			buildSettings = {
				ALWAYS_SEARCH_USER_PATHS = NO;
				CLANG_ANALYZER_NONNULL = YES;
				CLANG_ANALYZER_NUMBER_OBJECT_CONVERSION = YES_AGGRESSIVE;
				CLANG_CXX_LANGUAGE_STANDARD = "gnu++20";
				CLANG_ENABLE_MODULES = YES;
				CLANG_ENABLE_OBJC_ARC = YES;
				CLANG_ENABLE_OBJC_WEAK = YES;
				CLANG_WARN_BLOCK_CAPTURE_AUTORELEASING = YES;
				CLANG_WARN_BOOL_CONVERSION = YES;
				CLANG_WARN_COMMA = YES;
				CLANG_WARN_CONSTANT_CONVERSION = YES;
				CLANG_WARN_DEPRECATED_OBJC_IMPLEMENTATIONS = YES;
				CLANG_WARN_DIRECT_OBJC_ISA_USAGE = YES_ERROR;
				CLANG_WARN_DOCUMENTATION_COMMENTS = YES;
				CLANG_WARN_EMPTY_BODY = YES;
				CLANG_WARN_ENUM_CONVERSION = YES;
				CLANG_WARN_INFINITE_RECURSION = YES;
				CLANG_WARN_INT_CONVERSION = YES;
				CLANG_WARN_NON_LITERAL_NULL_CONVERSION = YES;
				CLANG_WARN_OBJC_IMPLICIT_RETAIN_SELF = YES;
				CLANG_WARN_OBJC_LITERAL_CONVERSION = YES;
				CLANG_WARN_OBJC_ROOT_CLASS = YES_ERROR;
				CLANG_WARN_QUOTED_INCLUDE_IN_FRAMEWORK_HEADER = YES;
				CLANG_WARN_RANGE_LOOP_ANALYSIS = YES;
				CLANG_WARN_STRICT_PROTOTYPES = YES;
				CLANG_WARN_SUSPICIOUS_MOVE = YES;
				CLANG_WARN_UNGUARDED_AVAILABILITY = YES_AGGRESSIVE;
				CLANG_WARN_UNREACHABLE_CODE = YES;
				CLANG_WARN__DUPLICATE_METHOD_MATCH = YES;
				COPY_PHASE_STRIP = NO;
				DEBUG_INFORMATION_FORMAT = "dwarf-with-dsym";
				ENABLE_NS_ASSERTIONS = NO;
				ENABLE_STRICT_OBJC_MSGSEND = YES;
				GCC_C_LANGUAGE_STANDARD = gnu11;
				GCC_NO_COMMON_BLOCKS = YES;
				GCC_WARN_64_TO_32_BIT_CONVERSION = YES;
				GCC_WARN_ABOUT_RETURN_TYPE = YES_ERROR;
				GCC_WARN_UNDECLARED_SELECTOR = YES;
				GCC_WARN_UNINITIALIZED_AUTOS = YES_AGGRESSIVE;
				GCC_WARN_UNUSED_FUNCTION = YES;
				GCC_WARN_UNUSED_VARIABLE = YES;
				IPHONEOS_DEPLOYMENT_TARGET = 16.4;
				MTL_ENABLE_DEBUG_INFO = NO;
				MTL_FAST_MATH = YES;
				SDKROOT = iphoneos;
				SWIFT_COMPILATION_MODE = wholemodule;
				SWIFT_OPTIMIZATION_LEVEL = "-O";
				VALIDATE_PRODUCT = YES;
			};
			name = Release;
		};
		7025148829FC24310055B46C /* Debug */ = {
			isa = XCBuildConfiguration;
			buildSettings = {
				ASSETCATALOG_COMPILER_APPICON_NAME = AppIcon;
				ASSETCATALOG_COMPILER_GLOBAL_ACCENT_COLOR_NAME = AccentColor;
				CODE_SIGN_STYLE = Automatic;
				CURRENT_PROJECT_VERSION = 1;
				DEVELOPMENT_ASSET_PATHS = "\"MurrayDemo/Preview Content\"";
				ENABLE_PREVIEWS = YES;
				GENERATE_INFOPLIST_FILE = YES;
				INFOPLIST_KEY_UIApplicationSceneManifest_Generation = YES;
				INFOPLIST_KEY_UIApplicationSupportsIndirectInputEvents = YES;
				INFOPLIST_KEY_UILaunchScreen_Generation = YES;
				INFOPLIST_KEY_UISupportedInterfaceOrientations_iPad = "UIInterfaceOrientationPortrait UIInterfaceOrientationPortraitUpsideDown UIInterfaceOrientationLandscapeLeft UIInterfaceOrientationLandscapeRight";
				INFOPLIST_KEY_UISupportedInterfaceOrientations_iPhone = "UIInterfaceOrientationPortrait UIInterfaceOrientationLandscapeLeft UIInterfaceOrientationLandscapeRight";
				LD_RUNPATH_SEARCH_PATHS = (
					"$(inherited)",
					"@executable_path/Frameworks",
				);
				MARKETING_VERSION = 1.0;
				PRODUCT_BUNDLE_IDENTIFIER = it.synesthesia.MurrayDemo;
				PRODUCT_NAME = "$(TARGET_NAME)";
				SWIFT_EMIT_LOC_STRINGS = YES;
				SWIFT_VERSION = 5.0;
				TARGETED_DEVICE_FAMILY = "1,2";
			};
			name = Debug;
		};
		7025148929FC24310055B46C /* Release */ = {
			isa = XCBuildConfiguration;
			buildSettings = {
				ASSETCATALOG_COMPILER_APPICON_NAME = AppIcon;
				ASSETCATALOG_COMPILER_GLOBAL_ACCENT_COLOR_NAME = AccentColor;
				CODE_SIGN_STYLE = Automatic;
				CURRENT_PROJECT_VERSION = 1;
				DEVELOPMENT_ASSET_PATHS = "\"MurrayDemo/Preview Content\"";
				ENABLE_PREVIEWS = YES;
				GENERATE_INFOPLIST_FILE = YES;
				INFOPLIST_KEY_UIApplicationSceneManifest_Generation = YES;
				INFOPLIST_KEY_UIApplicationSupportsIndirectInputEvents = YES;
				INFOPLIST_KEY_UILaunchScreen_Generation = YES;
				INFOPLIST_KEY_UISupportedInterfaceOrientations_iPad = "UIInterfaceOrientationPortrait UIInterfaceOrientationPortraitUpsideDown UIInterfaceOrientationLandscapeLeft UIInterfaceOrientationLandscapeRight";
				INFOPLIST_KEY_UISupportedInterfaceOrientations_iPhone = "UIInterfaceOrientationPortrait UIInterfaceOrientationLandscapeLeft UIInterfaceOrientationLandscapeRight";
				LD_RUNPATH_SEARCH_PATHS = (
					"$(inherited)",
					"@executable_path/Frameworks",
				);
				MARKETING_VERSION = 1.0;
				PRODUCT_BUNDLE_IDENTIFIER = it.synesthesia.MurrayDemo;
				PRODUCT_NAME = "$(TARGET_NAME)";
				SWIFT_EMIT_LOC_STRINGS = YES;
				SWIFT_VERSION = 5.0;
				TARGETED_DEVICE_FAMILY = "1,2";
			};
			name = Release;
		};
		7025149D29FC332F0055B46C /* Debug */ = {
			isa = XCBuildConfiguration;
			buildSettings = {
				BUNDLE_LOADER = "$(TEST_HOST)";
				CODE_SIGN_STYLE = Automatic;
				CURRENT_PROJECT_VERSION = 1;
				GENERATE_INFOPLIST_FILE = YES;
				MARKETING_VERSION = 1.0;
				PRODUCT_BUNDLE_IDENTIFIER = it.synesthesia.MurrayDemoTests;
				PRODUCT_NAME = "$(TARGET_NAME)";
				SWIFT_EMIT_LOC_STRINGS = NO;
				SWIFT_VERSION = 5.0;
				TARGETED_DEVICE_FAMILY = "1,2";
				TEST_HOST = "$(BUILT_PRODUCTS_DIR)/MurrayDemo.app/$(BUNDLE_EXECUTABLE_FOLDER_PATH)/MurrayDemo";
			};
			name = Debug;
		};
		7025149E29FC332F0055B46C /* Release */ = {
			isa = XCBuildConfiguration;
			buildSettings = {
				BUNDLE_LOADER = "$(TEST_HOST)";
				CODE_SIGN_STYLE = Automatic;
				CURRENT_PROJECT_VERSION = 1;
				GENERATE_INFOPLIST_FILE = YES;
				MARKETING_VERSION = 1.0;
				PRODUCT_BUNDLE_IDENTIFIER = it.synesthesia.MurrayDemoTests;
				PRODUCT_NAME = "$(TARGET_NAME)";
				SWIFT_EMIT_LOC_STRINGS = NO;
				SWIFT_VERSION = 5.0;
				TARGETED_DEVICE_FAMILY = "1,2";
				TEST_HOST = "$(BUILT_PRODUCTS_DIR)/MurrayDemo.app/$(BUNDLE_EXECUTABLE_FOLDER_PATH)/MurrayDemo";
			};
			name = Release;
		};
/* End XCBuildConfiguration section */

/* Begin XCConfigurationList section */
		7025147429FC24300055B46C /* Build configuration list for PBXProject "MurrayDemo" */ = {
			isa = XCConfigurationList;
			buildConfigurations = (
				7025148529FC24310055B46C /* Debug */,
				7025148629FC24310055B46C /* Release */,
			);
			defaultConfigurationIsVisible = 0;
			defaultConfigurationName = Release;
		};
		7025148729FC24310055B46C /* Build configuration list for PBXNativeTarget "MurrayDemo" */ = {
			isa = XCConfigurationList;
			buildConfigurations = (
				7025148829FC24310055B46C /* Debug */,
				7025148929FC24310055B46C /* Release */,
			);
			defaultConfigurationIsVisible = 0;
			defaultConfigurationName = Release;
		};
		7025149C29FC332F0055B46C /* Build configuration list for PBXNativeTarget "MurrayDemoTests" */ = {
			isa = XCConfigurationList;
			buildConfigurations = (
				7025149D29FC332F0055B46C /* Debug */,
				7025149E29FC332F0055B46C /* Release */,
			);
			defaultConfigurationIsVisible = 0;
			defaultConfigurationName = Release;
		};
/* End XCConfigurationList section */
	};
	rootObject = 7025147129FC24300055B46C /* Project object */;
}
